# This file is automatically @generated by Cargo.
# It is not intended for manual editing.
[[package]]
name = "ipnet"
version = "2.3.0"
source = "registry+https://github.com/rust-lang/crates.io-index"
checksum = "47be2f14c678be2fdcab04ab1171db51b2762ce6f0a8ee87c8dd4a04ed216135"

[[package]]
name = "use_ipnet"
version = "0.1.0"
dependencies = [
 "ipnet",
]
